<?xml version="1.0" encoding="utf-8"?>
<Project ToolsVersion="4.0" xmlns="http://schemas.microsoft.com/developer/msbuild/2003">
  <ItemGroup>
    <ClCompile Include="source\core\engine.cpp">
      <Filter>source</Filter>
    </ClCompile>
    <ClCompile Include="source\rendering\vulkan\core\vkDevice.cpp">
      <Filter>source</Filter>
    </ClCompile>
    <ClCompile Include="source\rendering\vulkan\core\vkSurface.cpp">
      <Filter>source</Filter>
    </ClCompile>
    <ClCompile Include="source\rendering\vulkan\core\vkSwapchain.cpp">
      <Filter>source</Filter>
    </ClCompile>
    <ClCompile Include="source\rendering\vulkan\core\vkWindow.cpp">
      <Filter>source</Filter>
    </ClCompile>
    <ClCompile Include="source\vkRender.cpp" />
    <ClCompile Include="source\core\inputHandler.cpp" />
    <ClCompile Include="source\core\transform.cpp" />
    <ClCompile Include="source\core\input.cpp" />
    <ClCompile Include="source\core\timer.cpp" />
    <ClCompile Include="source\rendering\vulkan\core\vkPhysicalDevice.cpp" />
    <ClCompile Include="source\rendering\vulkan\commands\vkQueue.cpp" />
    <ClCompile Include="source\rendering\vulkan\commands\vkCommandPool.cpp" />
    <ClCompile Include="source\rendering\vulkan\commands\vkCommandBuffer.cpp" />
    <ClCompile Include="source\rendering\vulkan\core\vkPipeline.cpp" />
    <ClCompile Include="source\rendering\vulkan\descriptors\vkDescriptorAllocator.cpp" />
    <ClCompile Include="source\rendering\vulkan\descriptors\vkDescriptorLayoutCache.cpp" />
    <ClCompile Include="source\rendering\vulkan\descriptors\vkDescriptorBuilder.cpp" />
    <ClCompile Include="source\rendering\vulkan\core\vkPipelineCache.cpp" />
    <ClCompile Include="source\core\fileIO.cpp" />
  </ItemGroup>
  <ItemGroup>
    <ClInclude Include="include\core\engine.h">
      <Filter>include</Filter>
    </ClInclude>
    <ClInclude Include="include\rendering\vulkan\vkCommon.h">
      <Filter>include</Filter>
    </ClInclude>
    <ClInclude Include="include\rendering\vulkan\core\vkDevice.h">
      <Filter>include</Filter>
    </ClInclude>
    <ClInclude Include="include\rendering\vulkan\core\vkSurface.h">
      <Filter>include</Filter>
    </ClInclude>
    <ClInclude Include="include\rendering\vulkan\core\vkSwapchain.h">
      <Filter>include</Filter>
    </ClInclude>
    <ClInclude Include="include\rendering\vulkan\core\vkWindow.h">
      <Filter>include</Filter>
    </ClInclude>
    <ClInclude Include="include\rendering\vulkan\vkRender.h" />
    <ClInclude Include="include\core\inputHandler.h" />
    <ClInclude Include="include\core\transform.h" />
    <ClInclude Include="include\core\input.h" />
    <ClInclude Include="include\rendering\renderComponents.h" />
    <ClInclude Include="include\core\timer.h" />
    <ClInclude Include="include\rendering\vulkan\core\vkPhysicalDevice.h" />
    <ClInclude Include="include\rendering\vulkan\commands\vkQueue.h" />
    <ClInclude Include="include\rendering\vulkan\commands\vkCommandPool.h" />
    <ClInclude Include="include\rendering\vulkan\commands\vkCommandBuffer.h" />
    <ClInclude Include="include\rendering\vulkan\core\vkPipeline.h" />
    <ClInclude Include="include\rendering\vulkan\descriptors\vkDescriptorAllocator.h" />
    <ClInclude Include="include\rendering\vulkan\descriptors\vkDescriptorLayoutCache.h" />
    <ClInclude Include="include\rendering\vulkan\descriptors\vkDescriptorBuilder.h" />
    <ClInclude Include="include\rendering\vulkan\core\vkPipelineCache.h" />
    <ClInclude Include="include\core\hash.h" />
    <ClInclude Include="include\core\fileIO.h" />
    <ClInclude Include="external\vma\vk_mem_alloc.h" />
  </ItemGroup>
  <ItemGroup>
    <None Include="shaders\shader.frag">
      <Filter>shaders</Filter>
    </None>
    <None Include="shaders\shader.vert">
      <Filter>shaders</Filter>
    </None>
  </ItemGroup>
  <ItemGroup>
    <Filter Include="include">
      <UniqueIdentifier>{8a520d3b-dda2-48b3-a8ad-680c8f50411f}</UniqueIdentifier>
    </Filter>
    <Filter Include="source">
      <UniqueIdentifier>{12d73a73-07f4-4ef8-b294-bf039e3dda46}</UniqueIdentifier>
    </Filter>
    <Filter Include="shaders">
      <UniqueIdentifier>{7975b188-b8b3-4369-b78d-a5575ec0fac4}</UniqueIdentifier>
    </Filter>
  </ItemGroup>
</Project>